dependencies:
  idf:
    source:
      type: idf
    version: 5.4.0
  m5stack/m5gfx:
    component_hash: fb1ee0423582dd0e26f9467221e9a38249403f7c8912094047d0a1deabcc7413
    dependencies: []
    source:
      registry_url: https://components.espressif.com
      type: service
    version: 0.2.6
  m5stack/m5unified:
    component_hash: 9851fefc25bc05f8cdeadd4c6118c3300cfefcebf7e8c748dc9ccc2811100de6
    dependencies:
    - name: m5stack/m5gfx
      registry_url: https://components.espressif.com
      require: private
      version: ^0.2.6
    source:
      registry_url: https://components.espressif.com/
      type: service
    version: 0.2.4
direct_dependencies:
- idf
- m5stack/m5unified
manifest_hash: 4afbce0562d76b38d058ff3245fe8408fc455acf3569383f5903af01f3e4df29
target: esp32s3
version: 2.0.0
